Microsoft Visual Studio Solution File, Format Version 12.00
# Visual Studio Version 17
VisualStudioVersion = 17.5.2.0
MinimumVisualStudioVersion = 10.0.40219.1
Project("{FAE04EC0-301F-11D3-BF4B-00C04F79EFBC}") = "CarCenter", "CarCenter\CarCenter.csproj", "{DF431D0A-570B-72DC-6AFC-9CEA5764F85D}"
EndProject
Global
	GlobalSection(SolutionConfigurationPlatforms) = preSolution
		Debug|Any CPU = Debug|Any CPU
		Release|Any CPU = Release|Any CPU
	EndGlobalSection
	GlobalSection(ProjectConfigurationPlatforms) = postSolution
		{DF431D0A-570B-72DC-6AFC-9CEA5764F85D}.Debug|Any CPU.ActiveCfg = Debug|Any CPU
		{DF431D0A-570B-72DC-6AFC-9CEA5764F85D}.Debug|Any CPU.Build.0 = Debug|Any CPU
		{DF431D0A-570B-72DC-6AFC-9CEA5764F85D}.Release|Any CPU.ActiveCfg = Release|Any CPU
		{DF431D0A-570B-72DC-6AFC-9CEA5764F85D}.Release|Any CPU.Build.0 = Release|Any CPU
	EndGlobalSection
	GlobalSection(SolutionProperties) = preSolution
		HideSolutionNode = FALSE
	EndGlobalSection
	GlobalSection(ExtensibilityGlobals) = postSolution
		SolutionGuid = {4BDFD473-96D1-4764-AB8B-E02FCEAAE93B}
	EndGlobalSection
EndGlobal
